schema: '2.0'
stages:
  list:
    cmd: stages/01_list.sh
    deps:
    - path: stages/01_list.sh
      hash: md5
      md5: 3d7cdb6f98b6396bf9045f7db71765a9
      size: 861
      isexec: true
    outs:
    - path: list
      hash: md5
      md5: a394412bb0f17e3594ea00d1c3e2b603.dir
      size: 1015
      nfiles: 1
  install:
    cmd: stages/02_install.sh
    deps:
    - path: list
      hash: md5
      md5: a394412bb0f17e3594ea00d1c3e2b603.dir
      size: 1015
      nfiles: 1
    - path: stages/02_install.sh
      hash: md5
      md5: cdc8c1541fe40886e589d870ab84d54a
      size: 814
      isexec: true
    outs:
    - path: install.txt
      hash: md5
      md5: 461044c8acd86552126fa8d68b85ad80
      size: 56195
  extract:
    cmd: uv run stages/03_extract.py
    deps:
    - path: install.txt
      hash: md5
      md5: 461044c8acd86552126fa8d68b85ad80
      size: 56195
    - path: list
      hash: md5
      md5: a394412bb0f17e3594ea00d1c3e2b603.dir
      size: 1015
      nfiles: 1
    - path: stages/03_extract.py
      hash: md5
      md5: 26010151f32a75a9097577df2679a259
      size: 4232
      isexec: true
    outs:
    - path: tmp/other
      hash: md5
      md5: 93e45bf812b41e886ae4fae4cdf7ceb9.dir
      size: 7871021
      nfiles: 58
  extract-hdt:
    cmd: stages/04_extract_hdt.sh
    deps:
    - path: list
      hash: md5
      md5: 978a497c50d7c7f01501f7ae012c15ef.dir
      size: 1015
      nfiles: 1
    - path: stages/04_extract_hdt.sh
      hash: md5
      md5: b26cfc55989f8b70bd46a17c37a2b3f4
      size: 99
      isexec: true
    outs:
    - path: tmp/hdt
      hash: md5
      md5: d751713988987e9331980363e24189ce.dir
      size: 0
      nfiles: 0
