schema: '2.0'
stages:
  list:
    cmd: stages/01_list.sh
    deps:
    - path: stages/01_list.sh
      hash: md5
      md5: 5e67bf8eb69b6020ed0e475ef5b92ef1
      size: 850
      isexec: true
    outs:
    - path: list
      hash: md5
      md5: 23c084264fce5ff1828623f0b4b72bf4.dir
      size: 1015
      nfiles: 1
  install:
    cmd: stages/02_install.sh
    deps:
    - path: list
      hash: md5
      md5: 23c084264fce5ff1828623f0b4b72bf4.dir
      size: 1015
      nfiles: 1
    - path: stages/02_install.sh
      hash: md5
      md5: 033ce23a3ec63c710720fffde35d83aa
      size: 807
      isexec: true
  extract:
    cmd: uv run stages/03_extract.py
    deps:
    - path: install.txt
      hash: md5
      md5: b8e354ba51c8864f1379a2b26054db44
      size: 55996
    - path: list
      hash: md5
      md5: 5bf3cceed5b5832e0843963c958e0614.dir
      size: 1015
      nfiles: 1
    - path: stages/03_extract.py
      hash: md5
      md5: 6c29ffa20306adacb503a784c30e94c3
      size: 4304
      isexec: true
    outs:
    - path: cache
      hash: md5
      md5: 189c25b563d19ef62a9ea88a1ce5da9d.dir
      size: 7878160
      nfiles: 59
  extract-hdt:
    cmd: stages/04_extract_hdt.sh
    deps:
    - path: list
      hash: md5
      md5: 978a497c50d7c7f01501f7ae012c15ef.dir
      size: 1015
      nfiles: 1
    - path: stages/04_extract_hdt.sh
      hash: md5
      md5: b26cfc55989f8b70bd46a17c37a2b3f4
      size: 99
      isexec: true
    outs:
    - path: tmp/hdt
      hash: md5
      md5: d751713988987e9331980363e24189ce.dir
      size: 0
      nfiles: 0
  resolve:
    cmd: stages/03_resolve.sh
    deps:
    - path: stages/03_resolve.sh
      hash: md5
      md5: 5e7f7ba0e70b1c64295442308d89beed
      size: 757
      isexec: true
  ragify:
    cmd: uv run stages/ragify_parquet.py
    deps:
    - path: stages/ragify_parquet.py
      hash: md5
      md5: a91dd697c10e41145d11ffdebdb97f67
      size: 2836
      isexec: true
